// !$*UTF8*$!
{
	archiveVersion = 1;
	classes = {
	};
	objectVersion = 46;
	objects = {

/* Begin PBXBuildFile section */
		6208A66822B34DA000F8CD7F /* NotificationHelp.m in Sources */ = {isa = PBXBuildFile; fileRef = 6208A66322B34DA000F8CD7F /* NotificationHelp.m */; };
		6208A66922B34DA000F8CD7F /* ContactsHelp.m in Sources */ = {isa = PBXBuildFile; fileRef = 6208A66522B34DA000F8CD7F /* ContactsHelp.m */; };
		6208A66A22B34DA000F8CD7F /* LocationHelp.m in Sources */ = {isa = PBXBuildFile; fileRef = 6208A66722B34DA000F8CD7F /* LocationHelp.m */; };
		6208A66E22B34DC100F8CD7F /* NSString+Extension.m in Sources */ = {isa = PBXBuildFile; fileRef = 6208A66D22B34DC100F8CD7F /* NSString+Extension.m */; };
		62E1327F22B8860E004C474C /* AppStoreHelp.m in Sources */ = {isa = PBXBuildFile; fileRef = 62E1327E22B8860E004C474C /* AppStoreHelp.m */; };
		62E1329622BA2035004C474C /* UUIDHelp.m in Sources */ = {isa = PBXBuildFile; fileRef = 62E1329522BA2035004C474C /* UUIDHelp.m */; };
		62E1329922BA213C004C474C /* StorageHelp.m in Sources */ = {isa = PBXBuildFile; fileRef = 62E1329822BA213C004C474C /* StorageHelp.m */; };
		62E1329C22BA36D7004C474C /* IdfaHelp.m in Sources */ = {isa = PBXBuildFile; fileRef = 62E1329B22BA36D7004C474C /* IdfaHelp.m */; };
		62E132B322BA3D1D004C474C /* NetInfoHelp.m in Sources */ = {isa = PBXBuildFile; fileRef = 62E132B122BA3BAA004C474C /* NetInfoHelp.m */; };
		B3E7B58A1CC2AC0600A0062D /* RNBaselib.m in Sources */ = {isa = PBXBuildFile; fileRef = B3E7B5891CC2AC0600A0062D /* RNBaselib.m */; };
/* End PBXBuildFile section */

/* Begin PBXCopyFilesBuildPhase section */
		58B511D91A9E6C8500147676 /* CopyFiles */ = {
			isa = PBXCopyFilesBuildPhase;
			buildActionMask = 2147483647;
			dstPath = "include/$(PRODUCT_NAME)";
			dstSubfolderSpec = 16;
			files = (
			);
			runOnlyForDeploymentPostprocessing = 0;
		};
/* End PBXCopyFilesBuildPhase section */

/* Begin PBXFileReference section */
		134814201AA4EA6300B7C361 /* libRNBaselib.a */ = {isa = PBXFileReference; explicitFileType = archive.ar; includeInIndex = 0; path = libRNBaselib.a; sourceTree = BUILT_PRODUCTS_DIR; };
		6208A66222B34DA000F8CD7F /* ContactsHelp.h */ = {isa = PBXFileReference; fileEncoding = 4; lastKnownFileType = sourcecode.c.h; path = ContactsHelp.h; sourceTree = "<group>"; };
		6208A66322B34DA000F8CD7F /* NotificationHelp.m */ = {isa = PBXFileReference; fileEncoding = 4; lastKnownFileType = sourcecode.c.objc; path = NotificationHelp.m; sourceTree = "<group>"; };
		6208A66422B34DA000F8CD7F /* LocationHelp.h */ = {isa = PBXFileReference; fileEncoding = 4; lastKnownFileType = sourcecode.c.h; path = LocationHelp.h; sourceTree = "<group>"; };
		6208A66522B34DA000F8CD7F /* ContactsHelp.m */ = {isa = PBXFileReference; fileEncoding = 4; lastKnownFileType = sourcecode.c.objc; path = ContactsHelp.m; sourceTree = "<group>"; };
		6208A66622B34DA000F8CD7F /* NotificationHelp.h */ = {isa = PBXFileReference; fileEncoding = 4; lastKnownFileType = sourcecode.c.h; path = NotificationHelp.h; sourceTree = "<group>"; };
		6208A66722B34DA000F8CD7F /* LocationHelp.m */ = {isa = PBXFileReference; fileEncoding = 4; lastKnownFileType = sourcecode.c.objc; path = LocationHelp.m; sourceTree = "<group>"; };
		6208A66C22B34DC100F8CD7F /* NSString+Extension.h */ = {isa = PBXFileReference; fileEncoding = 4; lastKnownFileType = sourcecode.c.h; path = "NSString+Extension.h"; sourceTree = "<group>"; };
		6208A66D22B34DC100F8CD7F /* NSString+Extension.m */ = {isa = PBXFileReference; fileEncoding = 4; lastKnownFileType = sourcecode.c.objc; path = "NSString+Extension.m"; sourceTree = "<group>"; };
		62E1327D22B8860E004C474C /* AppStoreHelp.h */ = {isa = PBXFileReference; lastKnownFileType = sourcecode.c.h; path = AppStoreHelp.h; sourceTree = "<group>"; };
		62E1327E22B8860E004C474C /* AppStoreHelp.m */ = {isa = PBXFileReference; lastKnownFileType = sourcecode.c.objc; path = AppStoreHelp.m; sourceTree = "<group>"; };
		62E1329422BA2035004C474C /* UUIDHelp.h */ = {isa = PBXFileReference; lastKnownFileType = sourcecode.c.h; path = UUIDHelp.h; sourceTree = "<group>"; };
		62E1329522BA2035004C474C /* UUIDHelp.m */ = {isa = PBXFileReference; lastKnownFileType = sourcecode.c.objc; path = UUIDHelp.m; sourceTree = "<group>"; };
		62E1329722BA213C004C474C /* StorageHelp.h */ = {isa = PBXFileReference; lastKnownFileType = sourcecode.c.h; path = StorageHelp.h; sourceTree = "<group>"; };
		62E1329822BA213C004C474C /* StorageHelp.m */ = {isa = PBXFileReference; lastKnownFileType = sourcecode.c.objc; path = StorageHelp.m; sourceTree = "<group>"; };
		62E1329A22BA36D7004C474C /* IdfaHelp.h */ = {isa = PBXFileReference; lastKnownFileType = sourcecode.c.h; path = IdfaHelp.h; sourceTree = "<group>"; };
		62E1329B22BA36D7004C474C /* IdfaHelp.m */ = {isa = PBXFileReference; lastKnownFileType = sourcecode.c.objc; path = IdfaHelp.m; sourceTree = "<group>"; };
		62E132B022BA3BAA004C474C /* NetInfoHelp.h */ = {isa = PBXFileReference; lastKnownFileType = sourcecode.c.h; path = NetInfoHelp.h; sourceTree = "<group>"; };
		62E132B122BA3BAA004C474C /* NetInfoHelp.m */ = {isa = PBXFileReference; lastKnownFileType = sourcecode.c.objc; path = NetInfoHelp.m; sourceTree = "<group>"; };
		B3E7B5881CC2AC0600A0062D /* RNBaselib.h */ = {isa = PBXFileReference; fileEncoding = 4; lastKnownFileType = sourcecode.c.h; path = RNBaselib.h; sourceTree = "<group>"; };
		B3E7B5891CC2AC0600A0062D /* RNBaselib.m */ = {isa = PBXFileReference; fileEncoding = 4; lastKnownFileType = sourcecode.c.objc; path = RNBaselib.m; sourceTree = "<group>"; };
/* End PBXFileReference section */

/* Begin PBXFrameworksBuildPhase section */
		58B511D81A9E6C8500147676 /* Frameworks */ = {
			isa = PBXFrameworksBuildPhase;
			buildActionMask = 2147483647;
			files = (
			);
			runOnlyForDeploymentPostprocessing = 0;
		};
/* End PBXFrameworksBuildPhase section */

/* Begin PBXGroup section */
		134814211AA4EA7D00B7C361 /* Products */ = {
			isa = PBXGroup;
			children = (
				134814201AA4EA6300B7C361 /* libRNBaselib.a */,
			);
			name = Products;
			sourceTree = "<group>";
		};
		58B511D21A9E6C8500147676 = {
			isa = PBXGroup;
			children = (
				62E1329322BA2008004C474C /* deviceinfo */,
				6208A66B22B34DC100F8CD7F /* utils */,
				6208A66122B34DA000F8CD7F /* Permissions */,
				B3E7B5881CC2AC0600A0062D /* RNBaselib.h */,
				B3E7B5891CC2AC0600A0062D /* RNBaselib.m */,
				134814211AA4EA7D00B7C361 /* Products */,
			);
			sourceTree = "<group>";
		};
		6208A66122B34DA000F8CD7F /* Permissions */ = {
			isa = PBXGroup;
			children = (
				6208A66222B34DA000F8CD7F /* ContactsHelp.h */,
				6208A66522B34DA000F8CD7F /* ContactsHelp.m */,
				6208A66622B34DA000F8CD7F /* NotificationHelp.h */,
				6208A66322B34DA000F8CD7F /* NotificationHelp.m */,
				6208A66422B34DA000F8CD7F /* LocationHelp.h */,
				6208A66722B34DA000F8CD7F /* LocationHelp.m */,
			);
			path = Permissions;
			sourceTree = "<group>";
		};
		6208A66B22B34DC100F8CD7F /* utils */ = {
			isa = PBXGroup;
			children = (
				6208A66C22B34DC100F8CD7F /* NSString+Extension.h */,
				6208A66D22B34DC100F8CD7F /* NSString+Extension.m */,
				62E1327D22B8860E004C474C /* AppStoreHelp.h */,
				62E1327E22B8860E004C474C /* AppStoreHelp.m */,
				62E1329722BA213C004C474C /* StorageHelp.h */,
				62E1329822BA213C004C474C /* StorageHelp.m */,
			);
			path = utils;
			sourceTree = "<group>";
		};
		62E1329322BA2008004C474C /* deviceinfo */ = {
			isa = PBXGroup;
			children = (
				62E1329422BA2035004C474C /* UUIDHelp.h */,
				62E1329522BA2035004C474C /* UUIDHelp.m */,
				62E1329A22BA36D7004C474C /* IdfaHelp.h */,
				62E1329B22BA36D7004C474C /* IdfaHelp.m */,
				62E132B022BA3BAA004C474C /* NetInfoHelp.h */,
				62E132B122BA3BAA004C474C /* NetInfoHelp.m */,
			);
			path = deviceinfo;
			sourceTree = "<group>";
		};
/* End PBXGroup section */

/* Begin PBXNativeTarget section */
		58B511DA1A9E6C8500147676 /* RNBaselib */ = {
			isa = PBXNativeTarget;
			buildConfigurationList = 58B511EF1A9E6C8500147676 /* Build configuration list for PBXNativeTarget "RNBaselib" */;
			buildPhases = (
				58B511D71A9E6C8500147676 /* Sources */,
				58B511D81A9E6C8500147676 /* Frameworks */,
				58B511D91A9E6C8500147676 /* CopyFiles */,
			);
			buildRules = (
			);
			dependencies = (
			);
			name = RNBaselib;
			productName = RCTDataManager;
			productReference = 134814201AA4EA6300B7C361 /* libRNBaselib.a */;
			productType = "com.apple.product-type.library.static";
		};
/* End PBXNativeTarget section */

/* Begin PBXProject section */
		58B511D31A9E6C8500147676 /* Project object */ = {
			isa = PBXProject;
			attributes = {
				LastUpgradeCheck = 0830;
				ORGANIZATIONNAME = Facebook;
				TargetAttributes = {
					58B511DA1A9E6C8500147676 = {
						CreatedOnToolsVersion = 6.1.1;
					};
				};
			};
			buildConfigurationList = 58B511D61A9E6C8500147676 /* Build configuration list for PBXProject "RNBaselib" */;
			compatibilityVersion = "Xcode 3.2";
			developmentRegion = English;
			hasScannedForEncodings = 0;
			knownRegions = (
				en,
			);
			mainGroup = 58B511D21A9E6C8500147676;
			productRefGroup = 58B511D21A9E6C8500147676;
			projectDirPath = "";
			projectRoot = "";
			targets = (
				58B511DA1A9E6C8500147676 /* RNBaselib */,
			);
		};
/* End PBXProject section */

/* Begin PBXSourcesBuildPhase section */
		58B511D71A9E6C8500147676 /* Sources */ = {
			isa = PBXSourcesBuildPhase;
			buildActionMask = 2147483647;
			files = (
				62E1329622BA2035004C474C /* UUIDHelp.m in Sources */,
				62E1327F22B8860E004C474C /* AppStoreHelp.m in Sources */,
				6208A66E22B34DC100F8CD7F /* NSString+Extension.m in Sources */,
				B3E7B58A1CC2AC0600A0062D /* RNBaselib.m in Sources */,
				62E132B322BA3D1D004C474C /* NetInfoHelp.m in Sources */,
				6208A66822B34DA000F8CD7F /* NotificationHelp.m in Sources */,
				62E1329C22BA36D7004C474C /* IdfaHelp.m in Sources */,
				6208A66922B34DA000F8CD7F /* ContactsHelp.m in Sources */,
				62E1329922BA213C004C474C /* StorageHelp.m in Sources */,
				6208A66A22B34DA000F8CD7F /* LocationHelp.m in Sources */,
			);
			runOnlyForDeploymentPostprocessing = 0;
		};
/* End PBXSourcesBuildPhase section */

/* Begin XCBuildConfiguration section */
		58B511ED1A9E6C8500147676 /* Debug */ = {
			isa = XCBuildConfiguration;
			buildSettings = {
				ALWAYS_SEARCH_USER_PATHS = NO;
				CLANG_CXX_LANGUAGE_STANDARD = "gnu++0x";
				CLANG_CXX_LIBRARY = "libc++";
				CLANG_ENABLE_MODULES = YES;
				CLANG_ENABLE_OBJC_ARC = YES;
				CLANG_WARN_BOOL_CONVERSION = YES;
				CLANG_WARN_CONSTANT_CONVERSION = YES;
				CLANG_WARN_DIRECT_OBJC_ISA_USAGE = YES_ERROR;
				CLANG_WARN_EMPTY_BODY = YES;
				CLANG_WARN_ENUM_CONVERSION = YES;
				CLANG_WARN_INFINITE_RECURSION = YES;
				CLANG_WARN_INT_CONVERSION = YES;
				CLANG_WARN_OBJC_ROOT_CLASS = YES_ERROR;
				CLANG_WARN_SUSPICIOUS_MOVE = YES;
				CLANG_WARN_UNREACHABLE_CODE = YES;
				CLANG_WARN__DUPLICATE_METHOD_MATCH = YES;
				COPY_PHASE_STRIP = NO;
				ENABLE_STRICT_OBJC_MSGSEND = YES;
				ENABLE_TESTABILITY = YES;
				GCC_C_LANGUAGE_STANDARD = gnu99;
				GCC_DYNAMIC_NO_PIC = NO;
				GCC_NO_COMMON_BLOCKS = YES;
				GCC_OPTIMIZATION_LEVEL = 0;
				GCC_PREPROCESSOR_DEFINITIONS = (
					"DEBUG=1",
					"$(inherited)",
				);
				GCC_SYMBOLS_PRIVATE_EXTERN = NO;
				GCC_WARN_64_TO_32_BIT_CONVERSION = YES;
				GCC_WARN_ABOUT_RETURN_TYPE = YES_ERROR;
				GCC_WARN_UNDECLARED_SELECTOR = YES;
				GCC_WARN_UNINITIALIZED_AUTOS = YES_AGGRESSIVE;
				GCC_WARN_UNUSED_FUNCTION = YES;
				GCC_WARN_UNUSED_VARIABLE = YES;
				IPHONEOS_DEPLOYMENT_TARGET = 8.0;
				MTL_ENABLE_DEBUG_INFO = YES;
				ONLY_ACTIVE_ARCH = YES;
				SDKROOT = iphoneos;
			};
			name = Debug;
		};
		58B511EE1A9E6C8500147676 /* Release */ = {
			isa = XCBuildConfiguration;
			buildSettings = {
				ALWAYS_SEARCH_USER_PATHS = NO;
				CLANG_CXX_LANGUAGE_STANDARD = "gnu++0x";
				CLANG_CXX_LIBRARY = "libc++";
				CLANG_ENABLE_MODULES = YES;
				CLANG_ENABLE_OBJC_ARC = YES;
				CLANG_WARN_BOOL_CONVERSION = YES;
				CLANG_WARN_CONSTANT_CONVERSION = YES;
				CLANG_WARN_DIRECT_OBJC_ISA_USAGE = YES_ERROR;
				CLANG_WARN_EMPTY_BODY = YES;
				CLANG_WARN_ENUM_CONVERSION = YES;
				CLANG_WARN_INFINITE_RECURSION = YES;
				CLANG_WARN_INT_CONVERSION = YES;
				CLANG_WARN_OBJC_ROOT_CLASS = YES_ERROR;
				CLANG_WARN_SUSPICIOUS_MOVE = YES;
				CLANG_WARN_UNREACHABLE_CODE = YES;
				CLANG_WARN__DUPLICATE_METHOD_MATCH = YES;
				COPY_PHASE_STRIP = YES;
				ENABLE_NS_ASSERTIONS = NO;
				ENABLE_STRICT_OBJC_MSGSEND = YES;
				GCC_C_LANGUAGE_STANDARD = gnu99;
				GCC_NO_COMMON_BLOCKS = YES;
				GCC_WARN_64_TO_32_BIT_CONVERSION = YES;
				GCC_WARN_ABOUT_RETURN_TYPE = YES_ERROR;
				GCC_WARN_UNDECLARED_SELECTOR = YES;
				GCC_WARN_UNINITIALIZED_AUTOS = YES_AGGRESSIVE;
				GCC_WARN_UNUSED_FUNCTION = YES;
				GCC_WARN_UNUSED_VARIABLE = YES;
				IPHONEOS_DEPLOYMENT_TARGET = 8.0;
				MTL_ENABLE_DEBUG_INFO = NO;
				SDKROOT = iphoneos;
				VALIDATE_PRODUCT = YES;
			};
			name = Release;
		};
		58B511F01A9E6C8500147676 /* Debug */ = {
			isa = XCBuildConfiguration;
			buildSettings = {
				HEADER_SEARCH_PATHS = (
					"$(inherited)",
					/Applications/Xcode.app/Contents/Developer/Toolchains/XcodeDefault.xctoolchain/usr/include,
					"$(SRCROOT)/../../../React/**",
					"$(SRCROOT)/../../react-native/React/**",
				);
				LIBRARY_SEARCH_PATHS = "$(inherited)";
				OTHER_LDFLAGS = "-ObjC";
				PRODUCT_NAME = RNBaselib;
				SKIP_INSTALL = YES;
			};
			name = Debug;
		};
		58B511F11A9E6C8500147676 /* Release */ = {
			isa = XCBuildConfiguration;
			buildSettings = {
				HEADER_SEARCH_PATHS = (
					"$(inherited)",
					/Applications/Xcode.app/Contents/Developer/Toolchains/XcodeDefault.xctoolchain/usr/include,
					"$(SRCROOT)/../../../React/**",
					"$(SRCROOT)/../../react-native/React/**",
				);
				LIBRARY_SEARCH_PATHS = "$(inherited)";
				OTHER_LDFLAGS = "-ObjC";
				PRODUCT_NAME = RNBaselib;
				SKIP_INSTALL = YES;
			};
			name = Release;
		};
/* End XCBuildConfiguration section */

/* Begin XCConfigurationList section */
		58B511D61A9E6C8500147676 /* Build configuration list for PBXProject "RNBaselib" */ = {
			isa = XCConfigurationList;
			buildConfigurations = (
				58B511ED1A9E6C8500147676 /* Debug */,
				58B511EE1A9E6C8500147676 /* Release */,
			);
			defaultConfigurationIsVisible = 0;
			defaultConfigurationName = Release;
		};
		58B511EF1A9E6C8500147676 /* Build configuration list for PBXNativeTarget "RNBaselib" */ = {
			isa = XCConfigurationList;
			buildConfigurations = (
				58B511F01A9E6C8500147676 /* Debug */,
				58B511F11A9E6C8500147676 /* Release */,
			);
			defaultConfigurationIsVisible = 0;
			defaultConfigurationName = Release;
		};
/* End XCConfigurationList section */
	};
	rootObject = 58B511D31A9E6C8500147676 /* Project object */;
}
